
Microsoft Visual Studio Solution File, Format Version 12.00
# Visual Studio Version 17
VisualStudioVersion = 17.8.34330.188
MinimumVisualStudioVersion = 10.0.40219.1
Project("{9A19103F-16F7-4668-BE54-9A1E7A4F7556}") = "eCinema", "eCinema\eCinema.csproj", "{2121366B-24F8-47C0-8894-874ABBC346C4}"
	ProjectSection(ProjectDependencies) = postProject
		{0CE85BE3-51B1-4A41-B60E-57D7D8616EDD} = {0CE85BE3-51B1-4A41-B60E-57D7D8616EDD}
	EndProjectSection
EndProject
Project("{9A19103F-16F7-4668-BE54-9A1E7A4F7556}") = "eCinema.Models", "eCinema.Model\eCinema.Models.csproj", "{70137C6E-7568-4EA1-8D09-23260E55C8FB}"
EndProject
Project("{9A19103F-16F7-4668-BE54-9A1E7A4F7556}") = "eCinema.Services", "eCinema.Services\eCinema.Services.csproj", "{73DFCC5D-48C0-472A-819D-BBB5DF506481}"
EndProject
Project("{9A19103F-16F7-4668-BE54-9A1E7A4F7556}") = "eCinema.Subscriber", "eCinema.Subscriber\eCinema.Subscriber.csproj", "{0CE85BE3-51B1-4A41-B60E-57D7D8616EDD}"
EndProject
Project("{2150E333-8FDC-42A3-9474-1A3956D46DE8}") = "Solution Items", "Solution Items", "{B6C28D66-612C-4525-AB1A-432D8463CCE5}"
	ProjectSection(SolutionItems) = preProject
		.env = .env
		docker-compose.yml = docker-compose.yml
		Dockerfile = Dockerfile
	EndProjectSection
EndProject
Global
	GlobalSection(SolutionConfigurationPlatforms) = preSolution
		Debug|Any CPU = Debug|Any CPU
		Release|Any CPU = Release|Any CPU
	EndGlobalSection
	GlobalSection(ProjectConfigurationPlatforms) = postSolution
		{2121366B-24F8-47C0-8894-874ABBC346C4}.Debug|Any CPU.ActiveCfg = Debug|Any CPU
		{2121366B-24F8-47C0-8894-874ABBC346C4}.Debug|Any CPU.Build.0 = Debug|Any CPU
		{2121366B-24F8-47C0-8894-874ABBC346C4}.Release|Any CPU.ActiveCfg = Release|Any CPU
		{2121366B-24F8-47C0-8894-874ABBC346C4}.Release|Any CPU.Build.0 = Release|Any CPU
		{70137C6E-7568-4EA1-8D09-23260E55C8FB}.Debug|Any CPU.ActiveCfg = Debug|Any CPU
		{70137C6E-7568-4EA1-8D09-23260E55C8FB}.Debug|Any CPU.Build.0 = Debug|Any CPU
		{70137C6E-7568-4EA1-8D09-23260E55C8FB}.Release|Any CPU.ActiveCfg = Release|Any CPU
		{70137C6E-7568-4EA1-8D09-23260E55C8FB}.Release|Any CPU.Build.0 = Release|Any CPU
		{73DFCC5D-48C0-472A-819D-BBB5DF506481}.Debug|Any CPU.ActiveCfg = Debug|Any CPU
		{73DFCC5D-48C0-472A-819D-BBB5DF506481}.Debug|Any CPU.Build.0 = Debug|Any CPU
		{73DFCC5D-48C0-472A-819D-BBB5DF506481}.Release|Any CPU.ActiveCfg = Release|Any CPU
		{73DFCC5D-48C0-472A-819D-BBB5DF506481}.Release|Any CPU.Build.0 = Release|Any CPU
		{0CE85BE3-51B1-4A41-B60E-57D7D8616EDD}.Debug|Any CPU.ActiveCfg = Debug|Any CPU
		{0CE85BE3-51B1-4A41-B60E-57D7D8616EDD}.Debug|Any CPU.Build.0 = Debug|Any CPU
		{0CE85BE3-51B1-4A41-B60E-57D7D8616EDD}.Release|Any CPU.ActiveCfg = Release|Any CPU
		{0CE85BE3-51B1-4A41-B60E-57D7D8616EDD}.Release|Any CPU.Build.0 = Release|Any CPU
	EndGlobalSection
	GlobalSection(SolutionProperties) = preSolution
		HideSolutionNode = FALSE
	EndGlobalSection
	GlobalSection(ExtensibilityGlobals) = postSolution
		SolutionGuid = {3CDD6BCA-0D27-47F7-A002-6D085C667B6F}
	EndGlobalSection
EndGlobal
